# This file is automatically @generated by Cargo.
# It is not intended for manual editing.
version = 4

[[package]]
name = "libc"
version = "0.2.184"
source = "registry+https://github.com/rust-lang/crates.io-index"
checksum = "48f5d2a454e16a5ea0f4ced81bd44e4cfc7bd3a507b61887c99fd3538b28e4af"

[[package]]
name = "razero"
version = "0.0.0"
dependencies = [
 "razero-decoder",
 "razero-features",
 "razero-interp",
 "razero-secmem",
 "razero-wasm",
]

[[package]]
name = "razero-compiler"
version = "0.0.0"
dependencies = [
 "razero-wasm",
]

[[package]]
name = "razero-decoder"
version = "0.0.0"
dependencies = [
 "razero-features",
 "razero-wasm",
]

[[package]]
name = "razero-features"
version = "0.0.0"

[[package]]
name = "razero-ffi"
version = "0.0.0"
dependencies = [
 "razero",
]

[[package]]
name = "razero-interp"
version = "0.0.0"
dependencies = [
 "razero-wasm",
]

[[package]]
name = "razero-platform"
version = "0.0.0"
dependencies = [
 "libc",
]

[[package]]
name = "razero-secmem"
version = "0.0.0"

[[package]]
name = "razero-wasm"
version = "0.0.0"
dependencies = [
 "razero-features",
]
